
Microsoft Visual Studio Solution File, Format Version 12.00
# Visual Studio 15
VisualStudioVersion = 15.0.27004.2008
MinimumVisualStudioVersion = 10.0.40219.1
Project("{FAE04EC0-301F-11D3-BF4B-00C04F79EFBC}") = "ChoXe", "ChoXe\ChoXe.csproj", "{08BDDEC8-13A5-4443-A29C-83F4AD6817A7}"
EndProject
Global
	GlobalSection(SolutionConfigurationPlatforms) = preSolution
		Debug|Any CPU = Debug|Any CPU
		Release|Any CPU = Release|Any CPU
	EndGlobalSection
	GlobalSection(ProjectConfigurationPlatforms) = postSolution
		{08BDDEC8-13A5-4443-A29C-83F4AD6817A7}.Debug|Any CPU.ActiveCfg = Debug|Any CPU
		{08BDDEC8-13A5-4443-A29C-83F4AD6817A7}.Debug|Any CPU.Build.0 = Debug|Any CPU
		{08BDDEC8-13A5-4443-A29C-83F4AD6817A7}.Release|Any CPU.ActiveCfg = Release|Any CPU
		{08BDDEC8-13A5-4443-A29C-83F4AD6817A7}.Release|Any CPU.Build.0 = Release|Any CPU
	EndGlobalSection
	GlobalSection(SolutionProperties) = preSolution
		HideSolutionNode = FALSE
	EndGlobalSection
	GlobalSection(ExtensibilityGlobals) = postSolution
		SolutionGuid = {3C24FD3B-F8F5-4760-BDCF-3AE113F5D480}
	EndGlobalSection
EndGlobal
